# This file is autogenerated, do not edit; changes may be undone by the next 'dep ensure'.


[[projects]]
  name = "cloud.google.com/go"
  packages = ["compute/metadata"]
  revision = "056a55f54a6cc77b440b31a56a5e7c3982d32811"
  version = "v0.22.0"

[[projects]]
  name = "github.com/Azure/azure-sdk-for-go"
  packages = ["arm/dns"]
  revision = "2d1d76c9013c4feb6695a2346f0e66ea0ef77aa6"
  version = "v11.3.0-beta"

[[projects]]
  name = "github.com/Azure/go-autorest"
  packages = [
    "autorest",
    "autorest/adal",
    "autorest/azure",
    "autorest/date",
    "autorest/to"
  ]
  revision = "eaa7994b2278094c904d31993d26f56324db3052"
  version = "v10.8.1"

[[projects]]
  name = "github.com/JamesClonk/vultr"
  packages = ["lib"]
  revision = "fa1c0367800db75e4d10d0ec90c49a8731670224"
  version = "1.15.0"

[[projects]]
  name = "github.com/aws/aws-sdk-go"
  packages = [
    "aws",
    "aws/awserr",
    "aws/awsutil",
    "aws/client",
    "aws/client/metadata",
    "aws/corehandlers",
    "aws/credentials",
    "aws/credentials/ec2rolecreds",
    "aws/credentials/endpointcreds",
    "aws/credentials/stscreds",
    "aws/defaults",
    "aws/ec2metadata",
    "aws/endpoints",
    "aws/request",
    "aws/session",
    "aws/signer/v4",
    "internal/sdkio",
    "internal/sdkrand",
    "internal/shareddefaults",
    "private/protocol",
    "private/protocol/query",
    "private/protocol/query/queryutil",
    "private/protocol/rest",
    "private/protocol/restxml",
    "private/protocol/xml/xmlutil",
    "service/route53",
    "service/sts"
  ]
  revision = "6a2f953ac4f08681e684e199039f0d6672d5deea"
  version = "v1.13.48"

[[projects]]
  name = "github.com/davecgh/go-spew"
  packages = ["spew"]
  revision = "346938d642f2ec3594ed81d874461961cd0faa76"
  version = "v1.1.0"

[[projects]]
  branch = "master"
  name = "github.com/decker502/dnspod-go"
  packages = ["."]
  revision = "83a3ba562b048c9fc88229408e593494b7774684"

[[projects]]
  name = "github.com/dgrijalva/jwt-go"
  packages = ["."]
  revision = "06ea1031745cb8b3dab3f6a236daf2b0aa468b7e"
  version = "v3.2.0"

[[projects]]
  name = "github.com/dnsimple/dnsimple-go"
  packages = ["dnsimple"]
  revision = "4618db489ff90331782dd0a6cf3aa0de68415355"
  version = "v0.16.0"

[[projects]]
  name = "github.com/edeckers/auroradnsclient"
  packages = [
    ".",
    "records",
    "requests",
    "requests/errors",
    "tokens",
    "zones"
  ]
  revision = "1563e622aaca0a8bb895a448f31d4a430ab97586"
  version = "v1.0.3"

[[projects]]
  name = "github.com/exoscale/egoscale"
  packages = ["."]
  revision = "fc081cc72b3e0a981a1382e737b56b9f3f48f462"
  version = "v0.9.24"

[[projects]]
  name = "github.com/go-ini/ini"
  packages = ["."]
  revision = "6529cf7c58879c08d927016dde4477f18a0634cb"
  version = "v1.36.0"

[[projects]]
  name = "github.com/golang/protobuf"
  packages = ["proto"]
  revision = "b4deda0973fb4c70b50d226b1af49f3da59f5265"
  version = "v1.1.0"

[[projects]]
  branch = "master"
  name = "github.com/google/go-querystring"
  packages = ["query"]
  revision = "53e6ce116135b80d037921a7fdd5138cf32d7a8a"

[[projects]]
  branch = "master"
  name = "github.com/jinzhu/copier"
  packages = ["."]
  revision = "7e38e58719c33e0d44d585c4ab477a30f8cb82dd"

[[projects]]
  name = "github.com/jmespath/go-jmespath"
  packages = ["."]
  revision = "0b12d6b5"

[[projects]]
  name = "github.com/json-iterator/go"
  packages = ["."]
  revision = "ca39e5af3ece67bbcda3d0f4f56a8e24d9f2dad4"
  version = "1.1.3"

[[projects]]
  name = "github.com/juju/ratelimit"
  packages = ["."]
  revision = "59fac5042749a5afb9af70e813da1dd5474f0167"
  version = "1.0.1"

[[projects]]
  name = "github.com/miekg/dns"
  packages = ["."]
  revision = "eac804ceef194db2da6ee80c728d7658c8c805ff"
  version = "v1.0.6"

[[projects]]
  name = "github.com/modern-go/concurrent"
  packages = ["."]
  revision = "bacd9c7ef1dd9b15be4a9909b8ac7a4e313eec94"
  version = "1.0.3"

[[projects]]
  name = "github.com/modern-go/reflect2"
  packages = ["."]
  revision = "1df9eeb2bb81f327b96228865c5687bc2194af3f"
  version = "1.0.0"

[[projects]]
  branch = "master"
  name = "github.com/ovh/go-ovh"
  packages = ["ovh"]
  revision = "91b7eb631d2eced3e706932a0b36ee8b5ee22e92"

[[projects]]
  name = "github.com/pmezard/go-difflib"
  packages = ["difflib"]
  revision = "792786c7400a136282c1664665ae0a8db921c6c2"
  version = "v1.0.0"

[[projects]]
  branch = "master"
  name = "github.com/rainycape/memcache"
  packages = ["."]
  revision = "1031fa0ce2f20c1c0e1e1b51951d8ea02c84fa05"

[[projects]]
  name = "github.com/sirupsen/logrus"
  packages = ["."]
  revision = "c155da19408a8799da419ed3eeb0cb5db0ad5dbc"
  version = "v1.0.5"

[[projects]]
  name = "github.com/stretchr/testify"
  packages = ["assert"]
  revision = "12b6f73e6084dad08a7c6e575284b177ecafbc71"
  version = "v1.2.1"

[[projects]]
  branch = "master"
  name = "github.com/timewasted/linode"
  packages = [
    ".",
    "dns"
  ]
  revision = "37e84520dcf74488f67654f9c775b9752c232dc1"

[[projects]]
  name = "github.com/urfave/cli"
  packages = ["."]
  revision = "cfb38830724cc34fedffe9a2a29fb54fa9169cd1"
  version = "v1.20.0"

[[projects]]
  name = "github.com/xenolf/lego"
  packages = [
    ".",
    "acme",
    "providers/dns",
    "providers/dns/auroradns",
    "providers/dns/azure",
    "providers/dns/cloudflare",
    "providers/dns/digitalocean",
    "providers/dns/dnsimple",
    "providers/dns/dnsmadeeasy",
    "providers/dns/dnspod",
    "providers/dns/dyn",
    "providers/dns/exoscale",
    "providers/dns/gandi",
    "providers/dns/googlecloud",
    "providers/dns/linode",
    "providers/dns/namecheap",
    "providers/dns/ns1",
    "providers/dns/otc",
    "providers/dns/ovh",
    "providers/dns/pdns",
    "providers/dns/rackspace",
    "providers/dns/rfc2136",
    "providers/dns/route53",
    "providers/dns/vultr",
    "providers/http/memcached",
    "providers/http/webroot"
  ]
  revision = "67c86d860a797ce2483f50d9174d4ed24984bef2"
  version = "v0.4.1"

[[projects]]
  branch = "master"
  name = "golang.org/x/crypto"
  packages = [
    "ed25519",
    "ed25519/internal/edwards25519",
    "ocsp",
    "ssh/terminal"
  ]
  revision = "1a580b3eff7814fc9b40602fd35256c63b50f491"

[[projects]]
  branch = "master"
  name = "golang.org/x/net"
  packages = [
    "bpf",
    "context",
    "context/ctxhttp",
    "idna",
    "internal/iana",
    "internal/socket",
    "ipv4",
    "ipv6",
    "publicsuffix"
  ]
  revision = "2491c5de3490fced2f6cff376127c667efeed857"

[[projects]]
  branch = "master"
  name = "golang.org/x/oauth2"
  packages = [
    ".",
    "google",
    "internal",
    "jws",
    "jwt"
  ]
  revision = "cdc340f7c179dbbfa4afd43b7614e8fcadde4269"

[[projects]]
  branch = "master"
  name = "golang.org/x/sys"
  packages = [
    "unix",
    "windows"
  ]
  revision = "7c87d13f8e835d2fb3a70a2912c811ed0c1d241b"

[[projects]]
  name = "golang.org/x/text"
  packages = [
    "collate",
    "collate/build",
    "internal/colltab",
    "internal/gen",
    "internal/tag",
    "internal/triegen",
    "internal/ucd",
    "language",
    "secure/bidirule",
    "transform",
    "unicode/bidi",
    "unicode/cldr",
    "unicode/norm",
    "unicode/rangetable"
  ]
  revision = "f21a4dfb5e38f5895301dc265a8def02365cc3d0"
  version = "v0.3.0"

[[projects]]
  branch = "master"
  name = "google.golang.org/api"
  packages = [
    "dns/v1",
    "gensupport",
    "googleapi",
    "googleapi/internal/uritemplates"
  ]
  revision = "d7aa31fbd7da4467a8056610e654315a4c1f068e"

[[projects]]
  name = "google.golang.org/appengine"
  packages = [
    ".",
    "internal",
    "internal/app_identity",
    "internal/base",
    "internal/datastore",
    "internal/log",
    "internal/modules",
    "internal/remote_api",
    "internal/urlfetch",
    "urlfetch"
  ]
  revision = "150dc57a1b433e64154302bdc40b6bb8aefa313a"
  version = "v1.0.0"

[[projects]]
  name = "gopkg.in/ini.v1"
  packages = ["."]
  revision = "6529cf7c58879c08d927016dde4477f18a0634cb"
  version = "v1.36.0"

[[projects]]
  branch = "v2"
  name = "gopkg.in/ns1/ns1-go.v2"
  packages = [
    "rest",
    "rest/model/account",
    "rest/model/data",
    "rest/model/dns",
    "rest/model/filter",
    "rest/model/monitor"
  ]
  revision = "a5bcac82d3f637d3928d30476610891935b2d691"

[[projects]]
  name = "gopkg.in/square/go-jose.v1"
  packages = [
    ".",
    "cipher",
    "json"
  ]
  revision = "6e50787b7338112747e64f32753fb4f9dbfb8f79"
  version = "v1.1.1"

[solve-meta]
  analyzer-name = "dep"
  analyzer-version = 1
  inputs-digest = "546090903762b80ff03a857b0ffbaa650adef972df81a8233504e3e43e7170be"
  solver-name = "gps-cdcl"
  solver-version = 1
