# This file is autogenerated, do not edit; changes may be undone by the next 'dep ensure'.


[[projects]]
  branch = "master"
  name = "github.com/juju/errors"
  packages = ["."]
  revision = "c7d06af17c68cd34c835053720b21f6549d9b0ee"

[[projects]]
  name = "github.com/oxequa/grace"
  packages = ["."]
  revision = "5b9df9ab2a25c9493fd3daa999d67f766c8f4d89"
  version = "1.0"

[[projects]]
  name = "github.com/pkg/errors"
  packages = ["."]
  revision = "645ef00459ed84a119197bfb8d8205042c6df63d"
  version = "v0.8.0"

[solve-meta]
  analyzer-name = "dep"
  analyzer-version = 1
  inputs-digest = "5585f7d4ec49834a59a597b957936870e5c397985850212b0e590f5d5fbfaeac"
  solver-name = "gps-cdcl"
  solver-version = 1
