# This file is autogenerated, do not edit; changes may be undone by the next 'dep ensure'.


[[projects]]
  branch = "master"
  name = "github.com/google/uuid"
  packages = ["."]
  revision = "dec09d789f3dba190787f8b4454c7d3c936fed9e"

[[projects]]
  branch = "master"
  name = "github.com/hashicorp/go-uuid"
  packages = ["."]
  revision = "27454136f0364f2d44b1276c552d69105cf8c498"

[[projects]]
  branch = "master"
  name = "github.com/jakehl/goid"
  packages = ["."]
  revision = "78c60845d002c045c4b3ae10faf9f259a569dd71"

[[projects]]
  branch = "master"
  name = "github.com/kevinburke/go.uuid"
  packages = ["."]
  revision = "d8da80a9dcbb2e579198ff4593e8837a1963f570"

[[projects]]
  branch = "master"
  name = "github.com/satori/go.uuid"
  packages = ["."]
  revision = "36e9d2ebbde5e3f13ab2e25625fd453271d6522e"

[solve-meta]
  analyzer-name = "dep"
  analyzer-version = 1
  inputs-digest = "850ad360a4a56929b365c955c0ddb32de8694f386f1f090c4856a2eb5b079caf"
  solver-name = "gps-cdcl"
  solver-version = 1
