# This file is autogenerated, do not edit; changes may be undone by the next 'dep ensure'.


[[projects]]
  branch = "master"
  name = "github.com/juju/errors"
  packages = ["."]
  revision = "812b06ada1776ad4dd95d575e18ffffe3a9ac34a"

[[projects]]
  branch = "master"
  name = "github.com/oxequa/grace"
  packages = ["."]
  revision = "d1b62e904ab270ccd87f64c9978dfeae73eae86d"

[[projects]]
  branch = "master"
  name = "github.com/pkg/errors"
  packages = ["."]
  revision = "816c9085562cd7ee03e7f8188a1cfd942858cded"

[solve-meta]
  analyzer-name = "dep"
  analyzer-version = 1
  inputs-digest = "8850ac048b6ffe77db6215c62df6ba77829d232111c46574a6cea3fb38f1af77"
  solver-name = "gps-cdcl"
  solver-version = 1
